
Microsoft Visual Studio Solution File, Format Version 12.00
# Visual Studio 15
VisualStudioVersion = 15.0.28307.1500
MinimumVisualStudioVersion = 10.0.40219.1
Project("{888888A0-9F3D-457C-B088-3A5042F75D52}") = "poisson", "poisson\poisson.pyproj", "{85377A58-B9E7-4080-A84F-07B9E006871C}"
EndProject
Project("{888888A0-9F3D-457C-B088-3A5042F75D52}") = "LinearClassifier", "LinearClassifier\LinearClassifier.pyproj", "{1A1246E3-C372-4FAB-B787-2BE9763A020D}"
EndProject
Global
	GlobalSection(SolutionConfigurationPlatforms) = preSolution
		Debug|Any CPU = Debug|Any CPU
		Release|Any CPU = Release|Any CPU
	EndGlobalSection
	GlobalSection(ProjectConfigurationPlatforms) = postSolution
		{85377A58-B9E7-4080-A84F-07B9E006871C}.Debug|Any CPU.ActiveCfg = Debug|Any CPU
		{85377A58-B9E7-4080-A84F-07B9E006871C}.Release|Any CPU.ActiveCfg = Release|Any CPU
		{1A1246E3-C372-4FAB-B787-2BE9763A020D}.Debug|Any CPU.ActiveCfg = Debug|Any CPU
		{1A1246E3-C372-4FAB-B787-2BE9763A020D}.Release|Any CPU.ActiveCfg = Release|Any CPU
	EndGlobalSection
	GlobalSection(SolutionProperties) = preSolution
		HideSolutionNode = FALSE
	EndGlobalSection
	GlobalSection(ExtensibilityGlobals) = postSolution
		SolutionGuid = {69C83686-C3FE-4F7A-9E3A-20784BFAC677}
	EndGlobalSection
EndGlobal
